
Microsoft Visual Studio Solution File, Format Version 12.00
# Visual Studio 2012
Project("{FAE04EC0-301F-11D3-BF4B-00C04F79EFBC}") = "Ventas.Utilitarios", "Ventas.Utilitarios\Ventas.Utilitarios.csproj", "{2E61771A-41E7-4A60-A539-72E760754422}"
EndProject
Project("{FAE04EC0-301F-11D3-BF4B-00C04F79EFBC}") = "Ventas.Negocio", "Ventas.Negocio\Ventas.Negocio.csproj", "{131B312D-90E9-42C2-B504-ED5AEA2B0953}"
EndProject
Project("{FAE04EC0-301F-11D3-BF4B-00C04F79EFBC}") = "Ventas.Datos", "Ventas.Datos\Ventas.Datos.csproj", "{2F4E1215-B87D-4939-BD97-EDB8D6EE929F}"
EndProject
Project("{FAE04EC0-301F-11D3-BF4B-00C04F79EFBC}") = "Ventas.ControlTransaccion", "Ventas.ControlTransaccion\Ventas.ControlTransaccion.csproj", "{F2B4B1CF-1C33-4339-998A-1C80E3DBA1D3}"
EndProject
Project("{FAE04EC0-301F-11D3-BF4B-00C04F79EFBC}") = "Presentacion.Ventas", "Presentacion.Ventas\Presentacion.Ventas.csproj", "{6B7B2E0D-65DC-4BFB-BCF7-7197C4238EC2}"
EndProject
Global
	GlobalSection(SolutionConfigurationPlatforms) = preSolution
		Debug|Any CPU = Debug|Any CPU
		Release|Any CPU = Release|Any CPU
	EndGlobalSection
	GlobalSection(ProjectConfigurationPlatforms) = postSolution
		{2E61771A-41E7-4A60-A539-72E760754422}.Debug|Any CPU.ActiveCfg = Debug|Any CPU
		{2E61771A-41E7-4A60-A539-72E760754422}.Debug|Any CPU.Build.0 = Debug|Any CPU
		{2E61771A-41E7-4A60-A539-72E760754422}.Release|Any CPU.ActiveCfg = Release|Any CPU
		{2E61771A-41E7-4A60-A539-72E760754422}.Release|Any CPU.Build.0 = Release|Any CPU
		{131B312D-90E9-42C2-B504-ED5AEA2B0953}.Debug|Any CPU.ActiveCfg = Debug|Any CPU
		{131B312D-90E9-42C2-B504-ED5AEA2B0953}.Debug|Any CPU.Build.0 = Debug|Any CPU
		{131B312D-90E9-42C2-B504-ED5AEA2B0953}.Release|Any CPU.ActiveCfg = Release|Any CPU
		{131B312D-90E9-42C2-B504-ED5AEA2B0953}.Release|Any CPU.Build.0 = Release|Any CPU
		{2F4E1215-B87D-4939-BD97-EDB8D6EE929F}.Debug|Any CPU.ActiveCfg = Debug|Any CPU
		{2F4E1215-B87D-4939-BD97-EDB8D6EE929F}.Debug|Any CPU.Build.0 = Debug|Any CPU
		{2F4E1215-B87D-4939-BD97-EDB8D6EE929F}.Release|Any CPU.ActiveCfg = Release|Any CPU
		{2F4E1215-B87D-4939-BD97-EDB8D6EE929F}.Release|Any CPU.Build.0 = Release|Any CPU
		{F2B4B1CF-1C33-4339-998A-1C80E3DBA1D3}.Debug|Any CPU.ActiveCfg = Debug|Any CPU
		{F2B4B1CF-1C33-4339-998A-1C80E3DBA1D3}.Debug|Any CPU.Build.0 = Debug|Any CPU
		{F2B4B1CF-1C33-4339-998A-1C80E3DBA1D3}.Release|Any CPU.ActiveCfg = Release|Any CPU
		{F2B4B1CF-1C33-4339-998A-1C80E3DBA1D3}.Release|Any CPU.Build.0 = Release|Any CPU
		{6B7B2E0D-65DC-4BFB-BCF7-7197C4238EC2}.Debug|Any CPU.ActiveCfg = Debug|Any CPU
		{6B7B2E0D-65DC-4BFB-BCF7-7197C4238EC2}.Debug|Any CPU.Build.0 = Debug|Any CPU
		{6B7B2E0D-65DC-4BFB-BCF7-7197C4238EC2}.Release|Any CPU.ActiveCfg = Release|Any CPU
		{6B7B2E0D-65DC-4BFB-BCF7-7197C4238EC2}.Release|Any CPU.Build.0 = Release|Any CPU
	EndGlobalSection
	GlobalSection(SolutionProperties) = preSolution
		HideSolutionNode = FALSE
	EndGlobalSection
EndGlobal
